
Microsoft Visual Studio Solution File, Format Version 11.00
# Visual Studio 2010
Project("{FAE04EC0-301F-11D3-BF4B-00C04F79EFBC}") = "EvilHangman", "EvilHangman\EvilHangman.csproj", "{5764D8D4-3EC2-4695-8B4B-25925ADC3FEF}"
EndProject
Project("{FAE04EC0-301F-11D3-BF4B-00C04F79EFBC}") = "EvilHangman.ConsoleUI", "EvilHangman.ConsoleUI\EvilHangman.ConsoleUI.csproj", "{E8DCDE06-D459-4974-88CC-CA3BF4FE79BD}"
EndProject
Global
	GlobalSection(SolutionConfigurationPlatforms) = preSolution
		Debug|Any CPU = Debug|Any CPU
		Debug|Mixed Platforms = Debug|Mixed Platforms
		Debug|x86 = Debug|x86
		Release|Any CPU = Release|Any CPU
		Release|Mixed Platforms = Release|Mixed Platforms
		Release|x86 = Release|x86
	EndGlobalSection
	GlobalSection(ProjectConfigurationPlatforms) = postSolution
		{5764D8D4-3EC2-4695-8B4B-25925ADC3FEF}.Debug|Any CPU.ActiveCfg = Debug|Any CPU
		{5764D8D4-3EC2-4695-8B4B-25925ADC3FEF}.Debug|Any CPU.Build.0 = Debug|Any CPU
		{5764D8D4-3EC2-4695-8B4B-25925ADC3FEF}.Debug|Mixed Platforms.ActiveCfg = Debug|Any CPU
		{5764D8D4-3EC2-4695-8B4B-25925ADC3FEF}.Debug|Mixed Platforms.Build.0 = Debug|Any CPU
		{5764D8D4-3EC2-4695-8B4B-25925ADC3FEF}.Debug|x86.ActiveCfg = Debug|Any CPU
		{5764D8D4-3EC2-4695-8B4B-25925ADC3FEF}.Release|Any CPU.ActiveCfg = Release|Any CPU
		{5764D8D4-3EC2-4695-8B4B-25925ADC3FEF}.Release|Any CPU.Build.0 = Release|Any CPU
		{5764D8D4-3EC2-4695-8B4B-25925ADC3FEF}.Release|Mixed Platforms.ActiveCfg = Release|Any CPU
		{5764D8D4-3EC2-4695-8B4B-25925ADC3FEF}.Release|Mixed Platforms.Build.0 = Release|Any CPU
		{5764D8D4-3EC2-4695-8B4B-25925ADC3FEF}.Release|x86.ActiveCfg = Release|Any CPU
		{E8DCDE06-D459-4974-88CC-CA3BF4FE79BD}.Debug|Any CPU.ActiveCfg = Debug|x86
		{E8DCDE06-D459-4974-88CC-CA3BF4FE79BD}.Debug|Mixed Platforms.ActiveCfg = Debug|x86
		{E8DCDE06-D459-4974-88CC-CA3BF4FE79BD}.Debug|Mixed Platforms.Build.0 = Debug|x86
		{E8DCDE06-D459-4974-88CC-CA3BF4FE79BD}.Debug|x86.ActiveCfg = Debug|x86
		{E8DCDE06-D459-4974-88CC-CA3BF4FE79BD}.Debug|x86.Build.0 = Debug|x86
		{E8DCDE06-D459-4974-88CC-CA3BF4FE79BD}.Release|Any CPU.ActiveCfg = Release|x86
		{E8DCDE06-D459-4974-88CC-CA3BF4FE79BD}.Release|Mixed Platforms.ActiveCfg = Release|x86
		{E8DCDE06-D459-4974-88CC-CA3BF4FE79BD}.Release|Mixed Platforms.Build.0 = Release|x86
		{E8DCDE06-D459-4974-88CC-CA3BF4FE79BD}.Release|x86.ActiveCfg = Release|x86
		{E8DCDE06-D459-4974-88CC-CA3BF4FE79BD}.Release|x86.Build.0 = Release|x86
	EndGlobalSection
	GlobalSection(SolutionProperties) = preSolution
		HideSolutionNode = FALSE
	EndGlobalSection
EndGlobal
